
Microsoft Visual Studio Solution File, Format Version 12.00
# Visual Studio Version 17
VisualStudioVersion = 17.3.32825.248
MinimumVisualStudioVersion = 10.0.40219.1
Project("{FAE04EC0-301F-11D3-BF4B-00C04F79EFBC}") = "WpfApp3", "WpfApp3.csproj", "{164525A8-63A7-4441-8E45-C1973C7D7431}"
EndProject
Global
	GlobalSection(SolutionConfigurationPlatforms) = preSolution
		Debug|Any CPU = Debug|Any CPU
		Release|Any CPU = Release|Any CPU
	EndGlobalSection
	GlobalSection(ProjectConfigurationPlatforms) = postSolution
		{164525A8-63A7-4441-8E45-C1973C7D7431}.Debug|Any CPU.ActiveCfg = Debug|Any CPU
		{164525A8-63A7-4441-8E45-C1973C7D7431}.Debug|Any CPU.Build.0 = Debug|Any CPU
		{164525A8-63A7-4441-8E45-C1973C7D7431}.Release|Any CPU.ActiveCfg = Release|Any CPU
		{164525A8-63A7-4441-8E45-C1973C7D7431}.Release|Any CPU.Build.0 = Release|Any CPU
	EndGlobalSection
	GlobalSection(SolutionProperties) = preSolution
		HideSolutionNode = FALSE
	EndGlobalSection
	GlobalSection(ExtensibilityGlobals) = postSolution
		SolutionGuid = {317A374F-3707-491C-B9DB-0C77F4621135}
	EndGlobalSection
EndGlobal
